<<<<<<< HEAD
﻿
Microsoft Visual Studio Solution File, Format Version 12.00
# Visual Studio Version 17
VisualStudioVersion = 17.11.35222.181
MinimumVisualStudioVersion = 10.0.40219.1
Project("{888888A0-9F3D-457C-B088-3A5042F75D52}") = "dsProject", "dsProject.pyproj", "{45ABA2ED-5058-46B2-9454-4BC87B48B341}"
EndProject
Global
	GlobalSection(SolutionConfigurationPlatforms) = preSolution
		Debug|Any CPU = Debug|Any CPU
		Release|Any CPU = Release|Any CPU
	EndGlobalSection
	GlobalSection(ProjectConfigurationPlatforms) = postSolution
		{45ABA2ED-5058-46B2-9454-4BC87B48B341}.Debug|Any CPU.ActiveCfg = Debug|Any CPU
		{45ABA2ED-5058-46B2-9454-4BC87B48B341}.Release|Any CPU.ActiveCfg = Release|Any CPU
	EndGlobalSection
	GlobalSection(SolutionProperties) = preSolution
		HideSolutionNode = FALSE
	EndGlobalSection
	GlobalSection(ExtensibilityGlobals) = postSolution
		SolutionGuid = {4D741F9D-16BA-43A1-BFEC-C707FF755879}
	EndGlobalSection
EndGlobal
=======
﻿
Microsoft Visual Studio Solution File, Format Version 12.00
# Visual Studio Version 17
VisualStudioVersion = 17.11.35222.181
MinimumVisualStudioVersion = 10.0.40219.1
Project("{888888A0-9F3D-457C-B088-3A5042F75D52}") = "dsProject", "dsProject.pyproj", "{45ABA2ED-5058-46B2-9454-4BC87B48B341}"
EndProject
Global
	GlobalSection(SolutionConfigurationPlatforms) = preSolution
		Debug|Any CPU = Debug|Any CPU
		Release|Any CPU = Release|Any CPU
	EndGlobalSection
	GlobalSection(ProjectConfigurationPlatforms) = postSolution
		{45ABA2ED-5058-46B2-9454-4BC87B48B341}.Debug|Any CPU.ActiveCfg = Debug|Any CPU
		{45ABA2ED-5058-46B2-9454-4BC87B48B341}.Release|Any CPU.ActiveCfg = Release|Any CPU
	EndGlobalSection
	GlobalSection(SolutionProperties) = preSolution
		HideSolutionNode = FALSE
	EndGlobalSection
	GlobalSection(ExtensibilityGlobals) = postSolution
		SolutionGuid = {4D741F9D-16BA-43A1-BFEC-C707FF755879}
	EndGlobalSection
EndGlobal
>>>>>>> aabcc364fd18c3985bb63f96b2c78ccb33d0f85b
